
Microsoft Visual Studio Solution File, Format Version 12.00
# Visual Studio Version 17
VisualStudioVersion = 17.6.33815.320
MinimumVisualStudioVersion = 10.0.40219.1
Project("{FAE04EC0-301F-11D3-BF4B-00C04F79EFBC}") = "AsposeDrawingWebApplication", "AsposeDrawingWebApplication\AsposeDrawingWebApplication.csproj", "{BF3FA0FE-9471-4664-A628-BAB95305C117}"
EndProject
Global
	GlobalSection(SolutionConfigurationPlatforms) = preSolution
		Debug|Any CPU = Debug|Any CPU
		Release|Any CPU = Release|Any CPU
	EndGlobalSection
	GlobalSection(ProjectConfigurationPlatforms) = postSolution
		{BF3FA0FE-9471-4664-A628-BAB95305C117}.Debug|Any CPU.ActiveCfg = Debug|Any CPU
		{BF3FA0FE-9471-4664-A628-BAB95305C117}.Debug|Any CPU.Build.0 = Debug|Any CPU
		{BF3FA0FE-9471-4664-A628-BAB95305C117}.Release|Any CPU.ActiveCfg = Release|Any CPU
		{BF3FA0FE-9471-4664-A628-BAB95305C117}.Release|Any CPU.Build.0 = Release|Any CPU
	EndGlobalSection
	GlobalSection(SolutionProperties) = preSolution
		HideSolutionNode = FALSE
	EndGlobalSection
	GlobalSection(ExtensibilityGlobals) = postSolution
		SolutionGuid = {2C029415-A7A9-4039-A263-385365C3E272}
	EndGlobalSection
EndGlobal
